
Microsoft Visual Studio Solution File, Format Version 12.00
# Visual Studio Version 17
VisualStudioVersion = 17.14.37027.9
MinimumVisualStudioVersion = 10.0.40219.1
Project("{FAE04EC0-301F-11D3-BF4B-00C04F79EFBC}") = "KernelWithPrompts", "KernelWithPrompts.csproj", "{BA4A3CC8-F705-46BF-AE59-76E70D15CE17}"
EndProject
Project("{FAE04EC0-301F-11D3-BF4B-00C04F79EFBC}") = "OpenAiPlugins", "..\OpenAiPlugins\OpenAiPlugins.csproj", "{768F5C5D-89BD-4342-B80A-32949B2A9D74}"
EndProject
Project("{FAE04EC0-301F-11D3-BF4B-00C04F79EFBC}") = "Demo.Common", "Demo.Common\Demo.Common.csproj", "{3D5347C7-2C43-4E2F-A0D8-95C9A3289D75}"
EndProject
Project("{FAE04EC0-301F-11D3-BF4B-00C04F79EFBC}") = "NativePlugins", "..\NativePlugins\NativePlugins.csproj", "{371EC37A-21B6-4300-BEFA-1F4DEB86A48E}"
EndProject
Project("{FAE04EC0-301F-11D3-BF4B-00C04F79EFBC}") = "FunctionCalling", "..\FunctionCalling\FunctionCalling.csproj", "{9FC89E53-6FC4-494B-99CC-DC415CDC9140}"
EndProject
Global
	GlobalSection(SolutionConfigurationPlatforms) = preSolution
		Debug|Any CPU = Debug|Any CPU
		Debug|x64 = Debug|x64
		Debug|x86 = Debug|x86
		Release|Any CPU = Release|Any CPU
		Release|x64 = Release|x64
		Release|x86 = Release|x86
	EndGlobalSection
	GlobalSection(ProjectConfigurationPlatforms) = postSolution
		{BA4A3CC8-F705-46BF-AE59-76E70D15CE17}.Debug|Any CPU.ActiveCfg = Debug|Any CPU
		{BA4A3CC8-F705-46BF-AE59-76E70D15CE17}.Debug|Any CPU.Build.0 = Debug|Any CPU
		{BA4A3CC8-F705-46BF-AE59-76E70D15CE17}.Debug|x64.ActiveCfg = Debug|Any CPU
		{BA4A3CC8-F705-46BF-AE59-76E70D15CE17}.Debug|x64.Build.0 = Debug|Any CPU
		{BA4A3CC8-F705-46BF-AE59-76E70D15CE17}.Debug|x86.ActiveCfg = Debug|Any CPU
		{BA4A3CC8-F705-46BF-AE59-76E70D15CE17}.Debug|x86.Build.0 = Debug|Any CPU
		{BA4A3CC8-F705-46BF-AE59-76E70D15CE17}.Release|Any CPU.ActiveCfg = Release|Any CPU
		{BA4A3CC8-F705-46BF-AE59-76E70D15CE17}.Release|Any CPU.Build.0 = Release|Any CPU
		{BA4A3CC8-F705-46BF-AE59-76E70D15CE17}.Release|x64.ActiveCfg = Release|Any CPU
		{BA4A3CC8-F705-46BF-AE59-76E70D15CE17}.Release|x64.Build.0 = Release|Any CPU
		{BA4A3CC8-F705-46BF-AE59-76E70D15CE17}.Release|x86.ActiveCfg = Release|Any CPU
		{BA4A3CC8-F705-46BF-AE59-76E70D15CE17}.Release|x86.Build.0 = Release|Any CPU
		{768F5C5D-89BD-4342-B80A-32949B2A9D74}.Debug|Any CPU.ActiveCfg = Debug|Any CPU
		{768F5C5D-89BD-4342-B80A-32949B2A9D74}.Debug|Any CPU.Build.0 = Debug|Any CPU
		{768F5C5D-89BD-4342-B80A-32949B2A9D74}.Debug|x64.ActiveCfg = Debug|Any CPU
		{768F5C5D-89BD-4342-B80A-32949B2A9D74}.Debug|x64.Build.0 = Debug|Any CPU
		{768F5C5D-89BD-4342-B80A-32949B2A9D74}.Debug|x86.ActiveCfg = Debug|Any CPU
		{768F5C5D-89BD-4342-B80A-32949B2A9D74}.Debug|x86.Build.0 = Debug|Any CPU
		{768F5C5D-89BD-4342-B80A-32949B2A9D74}.Release|Any CPU.ActiveCfg = Release|Any CPU
		{768F5C5D-89BD-4342-B80A-32949B2A9D74}.Release|Any CPU.Build.0 = Release|Any CPU
		{768F5C5D-89BD-4342-B80A-32949B2A9D74}.Release|x64.ActiveCfg = Release|Any CPU
		{768F5C5D-89BD-4342-B80A-32949B2A9D74}.Release|x64.Build.0 = Release|Any CPU
		{768F5C5D-89BD-4342-B80A-32949B2A9D74}.Release|x86.ActiveCfg = Release|Any CPU
		{768F5C5D-89BD-4342-B80A-32949B2A9D74}.Release|x86.Build.0 = Release|Any CPU
		{3D5347C7-2C43-4E2F-A0D8-95C9A3289D75}.Debug|Any CPU.ActiveCfg = Debug|Any CPU
		{3D5347C7-2C43-4E2F-A0D8-95C9A3289D75}.Debug|Any CPU.Build.0 = Debug|Any CPU
		{3D5347C7-2C43-4E2F-A0D8-95C9A3289D75}.Debug|x64.ActiveCfg = Debug|Any CPU
		{3D5347C7-2C43-4E2F-A0D8-95C9A3289D75}.Debug|x64.Build.0 = Debug|Any CPU
		{3D5347C7-2C43-4E2F-A0D8-95C9A3289D75}.Debug|x86.ActiveCfg = Debug|Any CPU
		{3D5347C7-2C43-4E2F-A0D8-95C9A3289D75}.Debug|x86.Build.0 = Debug|Any CPU
		{3D5347C7-2C43-4E2F-A0D8-95C9A3289D75}.Release|Any CPU.ActiveCfg = Release|Any CPU
		{3D5347C7-2C43-4E2F-A0D8-95C9A3289D75}.Release|Any CPU.Build.0 = Release|Any CPU
		{3D5347C7-2C43-4E2F-A0D8-95C9A3289D75}.Release|x64.ActiveCfg = Release|Any CPU
		{3D5347C7-2C43-4E2F-A0D8-95C9A3289D75}.Release|x64.Build.0 = Release|Any CPU
		{3D5347C7-2C43-4E2F-A0D8-95C9A3289D75}.Release|x86.ActiveCfg = Release|Any CPU
		{3D5347C7-2C43-4E2F-A0D8-95C9A3289D75}.Release|x86.Build.0 = Release|Any CPU
		{371EC37A-21B6-4300-BEFA-1F4DEB86A48E}.Debug|Any CPU.ActiveCfg = Debug|Any CPU
		{371EC37A-21B6-4300-BEFA-1F4DEB86A48E}.Debug|Any CPU.Build.0 = Debug|Any CPU
		{371EC37A-21B6-4300-BEFA-1F4DEB86A48E}.Debug|x64.ActiveCfg = Debug|Any CPU
		{371EC37A-21B6-4300-BEFA-1F4DEB86A48E}.Debug|x64.Build.0 = Debug|Any CPU
		{371EC37A-21B6-4300-BEFA-1F4DEB86A48E}.Debug|x86.ActiveCfg = Debug|Any CPU
		{371EC37A-21B6-4300-BEFA-1F4DEB86A48E}.Debug|x86.Build.0 = Debug|Any CPU
		{371EC37A-21B6-4300-BEFA-1F4DEB86A48E}.Release|Any CPU.ActiveCfg = Release|Any CPU
		{371EC37A-21B6-4300-BEFA-1F4DEB86A48E}.Release|Any CPU.Build.0 = Release|Any CPU
		{371EC37A-21B6-4300-BEFA-1F4DEB86A48E}.Release|x64.ActiveCfg = Release|Any CPU
		{371EC37A-21B6-4300-BEFA-1F4DEB86A48E}.Release|x64.Build.0 = Release|Any CPU
		{371EC37A-21B6-4300-BEFA-1F4DEB86A48E}.Release|x86.ActiveCfg = Release|Any CPU
		{371EC37A-21B6-4300-BEFA-1F4DEB86A48E}.Release|x86.Build.0 = Release|Any CPU
		{9FC89E53-6FC4-494B-99CC-DC415CDC9140}.Debug|Any CPU.ActiveCfg = Debug|Any CPU
		{9FC89E53-6FC4-494B-99CC-DC415CDC9140}.Debug|Any CPU.Build.0 = Debug|Any CPU
		{9FC89E53-6FC4-494B-99CC-DC415CDC9140}.Debug|x64.ActiveCfg = Debug|Any CPU
		{9FC89E53-6FC4-494B-99CC-DC415CDC9140}.Debug|x64.Build.0 = Debug|Any CPU
		{9FC89E53-6FC4-494B-99CC-DC415CDC9140}.Debug|x86.ActiveCfg = Debug|Any CPU
		{9FC89E53-6FC4-494B-99CC-DC415CDC9140}.Debug|x86.Build.0 = Debug|Any CPU
		{9FC89E53-6FC4-494B-99CC-DC415CDC9140}.Release|Any CPU.ActiveCfg = Release|Any CPU
		{9FC89E53-6FC4-494B-99CC-DC415CDC9140}.Release|Any CPU.Build.0 = Release|Any CPU
		{9FC89E53-6FC4-494B-99CC-DC415CDC9140}.Release|x64.ActiveCfg = Release|Any CPU
		{9FC89E53-6FC4-494B-99CC-DC415CDC9140}.Release|x64.Build.0 = Release|Any CPU
		{9FC89E53-6FC4-494B-99CC-DC415CDC9140}.Release|x86.ActiveCfg = Release|Any CPU
		{9FC89E53-6FC4-494B-99CC-DC415CDC9140}.Release|x86.Build.0 = Release|Any CPU
	EndGlobalSection
	GlobalSection(SolutionProperties) = preSolution
		HideSolutionNode = FALSE
	EndGlobalSection
	GlobalSection(ExtensibilityGlobals) = postSolution
		SolutionGuid = {D26F0B3C-C564-4D6F-9BB3-39180B5D5B6D}
	EndGlobalSection
EndGlobal
