Microsoft Visual Studio Solution File, Format Version 12.00
# Visual Studio Version 17
VisualStudioVersion = 17.5.2.0
MinimumVisualStudioVersion = 10.0.40219.1
Project("{FAE04EC0-301F-11D3-BF4B-00C04F79EFBC}") = "NativePlugins", "NativePlugins.csproj", "{F45323D3-BC34-D36C-E7CE-135AF34B65CE}"
EndProject
Global
	GlobalSection(SolutionConfigurationPlatforms) = preSolution
		Debug|Any CPU = Debug|Any CPU
		Release|Any CPU = Release|Any CPU
	EndGlobalSection
	GlobalSection(ProjectConfigurationPlatforms) = postSolution
		{F45323D3-BC34-D36C-E7CE-135AF34B65CE}.Debug|Any CPU.ActiveCfg = Debug|Any CPU
		{F45323D3-BC34-D36C-E7CE-135AF34B65CE}.Debug|Any CPU.Build.0 = Debug|Any CPU
		{F45323D3-BC34-D36C-E7CE-135AF34B65CE}.Release|Any CPU.ActiveCfg = Release|Any CPU
		{F45323D3-BC34-D36C-E7CE-135AF34B65CE}.Release|Any CPU.Build.0 = Release|Any CPU
	EndGlobalSection
	GlobalSection(SolutionProperties) = preSolution
		HideSolutionNode = FALSE
	EndGlobalSection
	GlobalSection(ExtensibilityGlobals) = postSolution
		SolutionGuid = {FFE05D29-866D-454E-B06C-14E42C66E057}
	EndGlobalSection
EndGlobal
